<?xml version="1.0" encoding="utf-8"?>
<Project ToolsVersion="4.0" xmlns="http://schemas.microsoft.com/developer/msbuild/2003">
  <ItemGroup>
    <Filter Include="소스 파일">
      <UniqueIdentifier>{4FC737F1-C7A5-4376-A066-2A32D752A2FF}</UniqueIdentifier>
      <Extensions>cpp;c;cc;cxx;def;odl;idl;hpj;bat;asm;asmx</Extensions>
    </Filter>
  </ItemGroup>
  <ItemGroup>
    <ClCompile Include="c1181.cpp">
      <Filter>소스 파일</Filter>
    </ClCompile>
    <ClCompile Include="c1110.c">
      <Filter>소스 파일</Filter>
    </ClCompile>
    <ClCompile Include="c2965.c">
      <Filter>소스 파일</Filter>
    </ClCompile>
    <ClCompile Include="c3933.c">
      <Filter>소스 파일</Filter>
    </ClCompile>
    <ClCompile Include="c5014.cpp">
      <Filter>소스 파일</Filter>
    </ClCompile>
    <ClCompile Include="c10171.cpp">
      <Filter>소스 파일</Filter>
    </ClCompile>
    <ClCompile Include="c14716.c">
      <Filter>소스 파일</Filter>
    </ClCompile>
    <ClCompile Include="c2750.cpp">
      <Filter>소스 파일</Filter>
    </ClCompile>
    <ClCompile Include="c2751.cpp">
      <Filter>소스 파일</Filter>
    </ClCompile>
    <ClCompile Include="c2751a.cpp">
      <Filter>소스 파일</Filter>
    </ClCompile>
    <ClCompile Include="c10815a.cpp">
      <Filter>소스 파일</Filter>
    </ClCompile>
    <ClCompile Include="c10815.cpp">
      <Filter>소스 파일</Filter>
    </ClCompile>
    <ClCompile Include="c10828.cpp">
      <Filter>소스 파일</Filter>
    </ClCompile>
    <ClCompile Include="c10845.cpp">
      <Filter>소스 파일</Filter>
    </ClCompile>
    <ClCompile Include="c10866.cpp">
      <Filter>소스 파일</Filter>
    </ClCompile>
    <ClCompile Include="c1406.cpp">
      <Filter>소스 파일</Filter>
    </ClCompile>
    <ClCompile Include="c1026.cpp">
      <Filter>소스 파일</Filter>
    </ClCompile>
    <ClCompile Include="c11650.cpp">
      <Filter>소스 파일</Filter>
    </ClCompile>
    <ClCompile Include="c11651.cpp">
      <Filter>소스 파일</Filter>
    </ClCompile>
    <ClCompile Include="c10867.cpp">
      <Filter>소스 파일</Filter>
    </ClCompile>
    <ClCompile Include="c10816.cpp">
      <Filter>소스 파일</Filter>
    </ClCompile>
    <ClCompile Include="c9012.cpp">
      <Filter>소스 파일</Filter>
    </ClCompile>
    <ClCompile Include="c1874.cpp">
      <Filter>소스 파일</Filter>
    </ClCompile>
    <ClCompile Include="c1158.cpp">
      <Filter>소스 파일</Filter>
    </ClCompile>
    <ClCompile Include="c1966.cpp">
      <Filter>소스 파일</Filter>
    </ClCompile>
    <ClCompile Include="c5430.cpp">
      <Filter>소스 파일</Filter>
    </ClCompile>
    <ClCompile Include="c6603.cpp">
      <Filter>소스 파일</Filter>
    </ClCompile>
    <ClCompile Include="c1182.cpp">
      <Filter>소스 파일</Filter>
    </ClCompile>
    <ClCompile Include="c9095.cpp">
      <Filter>소스 파일</Filter>
    </ClCompile>
    <ClCompile Include="c9663.cpp">
      <Filter>소스 파일</Filter>
    </ClCompile>
    <ClCompile Include="c1037.cpp">
      <Filter>소스 파일</Filter>
    </ClCompile>
    <ClCompile Include="c1978.cpp">
      <Filter>소스 파일</Filter>
    </ClCompile>
    <ClCompile Include="c1929.cpp">
      <Filter>소스 파일</Filter>
    </ClCompile>
    <ClCompile Include="c2609.cpp">
      <Filter>소스 파일</Filter>
    </ClCompile>
    <ClCompile Include="c14889.cpp">
      <Filter>소스 파일</Filter>
    </ClCompile>
  </ItemGroup>
</Project>